{
  "name": "AIBEST-project",
  "lockfileVersion": 3,
  "requires": true,
  "packages": {
    "": {
      "dependencies": {
        "@mui/material": "^5.13.7"
      }
    },
    "node_modules/@babel/runtime": {
      "version": "7.22.6",
      "resolved": "https://registry.npmjs.org/@babel/runtime/-/runtime-7.22.6.tgz",
      "integrity": "sha512-wDb5pWm4WDdF6LFUde3Jl8WzPA+3ZbxYqkC6xAXuD3irdEHN1k0NfTRrJD8ZD378SJ61miMLCqIOXYhd8x+AJQ==",
      "dependencies": {
        "regenerator-runtime": "^0.13.11"
      },
      "engines": {
        "node": ">=6.9.0"
      }
    },
    "node_modules/@emotion/cache": {
      "version": "11.11.0",
      "resolved": "https://registry.npmjs.org/@emotion/cache/-/cache-11.11.0.tgz",
      "integrity": "sha512-P34z9ssTCBi3e9EI1ZsWpNHcfY1r09ZO0rZbRO2ob3ZQMnFI35jB536qoXbkdesr5EUhYi22anuEJuyxifaqAQ==",
      "dependencies": {
        "@emotion/memoize": "^0.8.1",
        "@emotion/sheet": "^1.2.2",
        "@emotion/utils": "^1.2.1",
        "@emotion/weak-memoize": "^0.3.1",
        "stylis": "4.2.0"
      }
    },
    "node_modules/@emotion/is-prop-valid": {
      "version": "1.2.1",
      "resolved": "https://registry.npmjs.org/@emotion/is-prop-valid/-/is-prop-valid-1.2.1.tgz",
      "integrity": "sha512-61Mf7Ufx4aDxx1xlDeOm8aFFigGHE4z+0sKCa+IHCeZKiyP9RLD0Mmx7m8b9/Cf37f7NAvQOOJAbQQGVr5uERw==",
      "dependencies": {
        "@emotion/memoize": "^0.8.1"
      }
    },
    "node_modules/@emotion/memoize": {
      "version": "0.8.1",
      "resolved": "https://registry.npmjs.org/@emotion/memoize/-/memoize-0.8.1.tgz",
      "integrity": "sha512-W2P2c/VRW1/1tLox0mVUalvnWXxavmv/Oum2aPsRcoDJuob75FC3Y8FbpfLwUegRcxINtGUMPq0tFCvYNTBXNA=="
    },
    "node_modules/@emotion/sheet": {
      "version": "1.2.2",
      "resolved": "https://registry.npmjs.org/@emotion/sheet/-/sheet-1.2.2.tgz",
      "integrity": "sha512-0QBtGvaqtWi+nx6doRwDdBIzhNdZrXUppvTM4dtZZWEGTXL/XE/yJxLMGlDT1Gt+UHH5IX1n+jkXyytE/av7OA=="
    },
    "node_modules/@emotion/utils": {
      "version": "1.2.1",
      "resolved": "https://registry.npmjs.org/@emotion/utils/-/utils-1.2.1.tgz",
      "integrity": "sha512-Y2tGf3I+XVnajdItskUCn6LX+VUDmP6lTL4fcqsXAv43dnlbZiuW4MWQW38rW/BVWSE7Q/7+XQocmpnRYILUmg=="
    },
    "node_modules/@emotion/weak-memoize": {
      "version": "0.3.1",
      "resolved": "https://registry.npmjs.org/@emotion/weak-memoize/-/weak-memoize-0.3.1.tgz",
      "integrity": "sha512-EsBwpc7hBUJWAsNPBmJy4hxWx12v6bshQsldrVmjxJoc3isbxhOrF2IcCpaXxfvq03NwkI7sbsOLXbYuqF/8Ww=="
    },
    "node_modules/@mui/base": {
      "version": "5.0.0-beta.6",
      "resolved": "https://registry.npmjs.org/@mui/base/-/base-5.0.0-beta.6.tgz",
      "integrity": "sha512-jcHy6HwOX7KzRhRtL8nvIvUlxvLx2Fl6NMRCyUSQSvMTyfou9kndekz0H4HJaXvG1Y4WEifk23RYedOlrD1kEQ==",
      "dependencies": {
        "@babel/runtime": "^7.22.5",
        "@emotion/is-prop-valid": "^1.2.1",
        "@mui/types": "^7.2.4",
        "@mui/utils": "^5.13.7",
        "@popperjs/core": "^2.11.8",
        "clsx": "^1.2.1",
        "prop-types": "^15.8.1",
        "react-is": "^18.2.0"
      },
      "engines": {
        "node": ">=12.0.0"
      },
      "funding": {
        "type": "opencollective",
        "url": "https://opencollective.com/mui"
      },
      "peerDependencies": {
        "@types/react": "^17.0.0 || ^18.0.0",
        "react": "^17.0.0 || ^18.0.0",
        "react-dom": "^17.0.0 || ^18.0.0"
      },
      "peerDependenciesMeta": {
        "@types/react": {
          "optional": true
        }
      }
    },
    "node_modules/@mui/core-downloads-tracker": {
      "version": "5.13.7",
      "resolved": "https://registry.npmjs.org/@mui/core-downloads-tracker/-/core-downloads-tracker-5.13.7.tgz",
      "integrity": "sha512-/suIo4WoeL/OyO3KUsFVpdOmKiSAr6NpWXmQ4WLSxwKrTiha1FJxM6vwAki5W/5kR9WnVLw5E8JC4oHHsutT8w==",
      "funding": {
        "type": "opencollective",
        "url": "https://opencollective.com/mui"
      }
    },
    "node_modules/@mui/material": {
      "version": "5.13.7",
      "resolved": "https://registry.npmjs.org/@mui/material/-/material-5.13.7.tgz",
      "integrity": "sha512-+n453jDDm88zZM3b5YK29nZ7gXY+s+rryH9ovDbhmfSkOlFtp+KSqbXy5cTaC/UlDqDM7sYYJGq8BmJov3v9Tg==",
      "dependencies": {
        "@babel/runtime": "^7.22.5",
        "@mui/base": "5.0.0-beta.6",
        "@mui/core-downloads-tracker": "^5.13.7",
        "@mui/system": "^5.13.7",
        "@mui/types": "^7.2.4",
        "@mui/utils": "^5.13.7",
        "@types/react-transition-group": "^4.4.6",
        "clsx": "^1.2.1",
        "csstype": "^3.1.2",
        "prop-types": "^15.8.1",
        "react-is": "^18.2.0",
        "react-transition-group": "^4.4.5"
      },
      "engines": {
        "node": ">=12.0.0"
      },
      "funding": {
        "type": "opencollective",
        "url": "https://opencollective.com/mui"
      },
      "peerDependencies": {
        "@emotion/react": "^11.5.0",
        "@emotion/styled": "^11.3.0",
        "@types/react": "^17.0.0 || ^18.0.0",
        "react": "^17.0.0 || ^18.0.0",
        "react-dom": "^17.0.0 || ^18.0.0"
      },
      "peerDependenciesMeta": {
        "@emotion/react": {
          "optional": true
        },
        "@emotion/styled": {
          "optional": true
        },
        "@types/react": {
          "optional": true
        }
      }
    },
    "node_modules/@mui/private-theming": {
      "version": "5.13.7",
      "resolved": "https://registry.npmjs.org/@mui/private-theming/-/private-theming-5.13.7.tgz",
      "integrity": "sha512-qbSr+udcij5F9dKhGX7fEdx2drXchq7htLNr2Qg2Ma+WJ6q0ERlEqGSBiPiVDJkptcjeVL4DGmcf1wl5+vD4EA==",
      "dependencies": {
        "@babel/runtime": "^7.22.5",
        "@mui/utils": "^5.13.7",
        "prop-types": "^15.8.1"
      },
      "engines": {
        "node": ">=12.0.0"
      },
      "funding": {
        "type": "opencollective",
        "url": "https://opencollective.com/mui"
      },
      "peerDependencies": {
        "@types/react": "^17.0.0 || ^18.0.0",
        "react": "^17.0.0 || ^18.0.0"
      },
      "peerDependenciesMeta": {
        "@types/react": {
          "optional": true
        }
      }
    },
    "node_modules/@mui/styled-engine": {
      "version": "5.13.2",
      "resolved": "https://registry.npmjs.org/@mui/styled-engine/-/styled-engine-5.13.2.tgz",
      "integrity": "sha512-VCYCU6xVtXOrIN8lcbuPmoG+u7FYuOERG++fpY74hPpEWkyFQG97F+/XfTQVYzlR2m7nPjnwVUgATcTCMEaMvw==",
      "dependencies": {
        "@babel/runtime": "^7.21.0",
        "@emotion/cache": "^11.11.0",
        "csstype": "^3.1.2",
        "prop-types": "^15.8.1"
      },
      "engines": {
        "node": ">=12.0.0"
      },
      "funding": {
        "type": "opencollective",
        "url": "https://opencollective.com/mui"
      },
      "peerDependencies": {
        "@emotion/react": "^11.4.1",
        "@emotion/styled": "^11.3.0",
        "react": "^17.0.0 || ^18.0.0"
      },
      "peerDependenciesMeta": {
        "@emotion/react": {
          "optional": true
        },
        "@emotion/styled": {
          "optional": true
        }
      }
    },
    "node_modules/@mui/system": {
      "version": "5.13.7",
      "resolved": "https://registry.npmjs.org/@mui/system/-/system-5.13.7.tgz",
      "integrity": "sha512-7R2KdI6vr8KtnauEfg9e9xQmPk6Gg/1vGNiALYyhSI+cYztxN6WmlSqGX4bjWn/Sygp1TUE1jhFEgs7MWruhkQ==",
      "dependencies": {
        "@babel/runtime": "^7.22.5",
        "@mui/private-theming": "^5.13.7",
        "@mui/styled-engine": "^5.13.2",
        "@mui/types": "^7.2.4",
        "@mui/utils": "^5.13.7",
        "clsx": "^1.2.1",
        "csstype": "^3.1.2",
        "prop-types": "^15.8.1"
      },
      "engines": {
        "node": ">=12.0.0"
      },
      "funding": {
        "type": "opencollective",
        "url": "https://opencollective.com/mui"
      },
      "peerDependencies": {
        "@emotion/react": "^11.5.0",
        "@emotion/styled": "^11.3.0",
        "@types/react": "^17.0.0 || ^18.0.0",
        "react": "^17.0.0 || ^18.0.0"
      },
      "peerDependenciesMeta": {
        "@emotion/react": {
          "optional": true
        },
        "@emotion/styled": {
          "optional": true
        },
        "@types/react": {
          "optional": true
        }
      }
    },
    "node_modules/@mui/types": {
      "version": "7.2.4",
      "resolved": "https://registry.npmjs.org/@mui/types/-/types-7.2.4.tgz",
      "integrity": "sha512-LBcwa8rN84bKF+f5sDyku42w1NTxaPgPyYKODsh01U1fVstTClbUoSA96oyRBnSNyEiAVjKm6Gwx9vjR+xyqHA==",
      "peerDependencies": {
        "@types/react": "*"
      },
      "peerDependenciesMeta": {
        "@types/react": {
          "optional": true
        }
      }
    },
    "node_modules/@mui/utils": {
      "version": "5.13.7",
      "resolved": "https://registry.npmjs.org/@mui/utils/-/utils-5.13.7.tgz",
      "integrity": "sha512-/3BLptG/q0u36eYED7Nhf4fKXmcKb6LjjT7ZMwhZIZSdSxVqDqSTmATW3a56n3KEPQUXCU9TpxAfCBQhs6brVA==",
      "dependencies": {
        "@babel/runtime": "^7.22.5",
        "@types/prop-types": "^15.7.5",
        "@types/react-is": "^18.2.1",
        "prop-types": "^15.8.1",
        "react-is": "^18.2.0"
      },
      "engines": {
        "node": ">=12.0.0"
      },
      "funding": {
        "type": "opencollective",
        "url": "https://opencollective.com/mui"
      },
      "peerDependencies": {
        "react": "^17.0.0 || ^18.0.0"
      }
    },
    "node_modules/@popperjs/core": {
      "version": "2.11.8",
      "resolved": "https://registry.npmjs.org/@popperjs/core/-/core-2.11.8.tgz",
      "integrity": "sha512-P1st0aksCrn9sGZhp8GMYwBnQsbvAWsZAX44oXNNvLHGqAOcoVxmjZiohstwQ7SqKnbR47akdNi+uleWD8+g6A==",
      "funding": {
        "type": "opencollective",
        "url": "https://opencollective.com/popperjs"
      }
    },
    "node_modules/@types/prop-types": {
      "version": "15.7.5",
      "resolved": "https://registry.npmjs.org/@types/prop-types/-/prop-types-15.7.5.tgz",
      "integrity": "sha512-JCB8C6SnDoQf0cNycqd/35A7MjcnK+ZTqE7judS6o7utxUCg6imJg3QK2qzHKszlTjcj2cn+NwMB2i96ubpj7w=="
    },
    "node_modules/@types/react": {
      "version": "18.2.14",
      "resolved": "https://registry.npmjs.org/@types/react/-/react-18.2.14.tgz",
      "integrity": "sha512-A0zjq+QN/O0Kpe30hA1GidzyFjatVvrpIvWLxD+xv67Vt91TWWgco9IvrJBkeyHm1trGaFS/FSGqPlhyeZRm0g==",
      "dependencies": {
        "@types/prop-types": "*",
        "@types/scheduler": "*",
        "csstype": "^3.0.2"
      }
    },
    "node_modules/@types/react-is": {
      "version": "18.2.1",
      "resolved": "https://registry.npmjs.org/@types/react-is/-/react-is-18.2.1.tgz",
      "integrity": "sha512-wyUkmaaSZEzFZivD8F2ftSyAfk6L+DfFliVj/mYdOXbVjRcS87fQJLTnhk6dRZPuJjI+9g6RZJO4PNCngUrmyw==",
      "dependencies": {
        "@types/react": "*"
      }
    },
    "node_modules/@types/react-transition-group": {
      "version": "4.4.6",
      "resolved": "https://registry.npmjs.org/@types/react-transition-group/-/react-transition-group-4.4.6.tgz",
      "integrity": "sha512-VnCdSxfcm08KjsJVQcfBmhEQAPnLB8G08hAxn39azX1qYBQ/5RVQuoHuKIcfKOdncuaUvEpFKFzEvbtIMsfVew==",
      "dependencies": {
        "@types/react": "*"
      }
    },
    "node_modules/@types/scheduler": {
      "version": "0.16.3",
      "resolved": "https://registry.npmjs.org/@types/scheduler/-/scheduler-0.16.3.tgz",
      "integrity": "sha512-5cJ8CB4yAx7BH1oMvdU0Jh9lrEXyPkar6F9G/ERswkCuvP4KQZfZkSjcMbAICCpQTN4OuZn8tz0HiKv9TGZgrQ=="
    },
    "node_modules/clsx": {
      "version": "1.2.1",
      "resolved": "https://registry.npmjs.org/clsx/-/clsx-1.2.1.tgz",
      "integrity": "sha512-EcR6r5a8bj6pu3ycsa/E/cKVGuTgZJZdsyUYHOksG/UHIiKfjxzRxYJpyVBwYaQeOvghal9fcc4PidlgzugAQg==",
      "engines": {
        "node": ">=6"
      }
    },
    "node_modules/csstype": {
      "version": "3.1.2",
      "resolved": "https://registry.npmjs.org/csstype/-/csstype-3.1.2.tgz",
      "integrity": "sha512-I7K1Uu0MBPzaFKg4nI5Q7Vs2t+3gWWW648spaF+Rg7pI9ds18Ugn+lvg4SHczUdKlHI5LWBXyqfS8+DufyBsgQ=="
    },
    "node_modules/dom-helpers": {
      "version": "5.2.1",
      "resolved": "https://registry.npmjs.org/dom-helpers/-/dom-helpers-5.2.1.tgz",
      "integrity": "sha512-nRCa7CK3VTrM2NmGkIy4cbK7IZlgBE/PYMn55rrXefr5xXDP0LdtfPnblFDoVdcAfslJ7or6iqAUnx0CCGIWQA==",
      "dependencies": {
        "@babel/runtime": "^7.8.7",
        "csstype": "^3.0.2"
      }
    },
    "node_modules/js-tokens": {
      "version": "4.0.0",
      "resolved": "https://registry.npmjs.org/js-tokens/-/js-tokens-4.0.0.tgz",
      "integrity": "sha512-RdJUflcE3cUzKiMqQgsCu06FPu9UdIJO0beYbPhHN4k6apgJtifcoCtT9bcxOpYBtpD2kCM6Sbzg4CausW/PKQ=="
    },
    "node_modules/loose-envify": {
      "version": "1.4.0",
      "resolved": "https://registry.npmjs.org/loose-envify/-/loose-envify-1.4.0.tgz",
      "integrity": "sha512-lyuxPGr/Wfhrlem2CL/UcnUc1zcqKAImBDzukY7Y5F/yQiNdko6+fRLevlw1HgMySw7f611UIY408EtxRSoK3Q==",
      "dependencies": {
        "js-tokens": "^3.0.0 || ^4.0.0"
      },
      "bin": {
        "loose-envify": "cli.js"
      }
    },
    "node_modules/object-assign": {
      "version": "4.1.1",
      "resolved": "https://registry.npmjs.org/object-assign/-/object-assign-4.1.1.tgz",
      "integrity": "sha512-rJgTQnkUnH1sFw8yT6VSU3zD3sWmu6sZhIseY8VX+GRu3P6F7Fu+JNDoXfklElbLJSnc3FUQHVe4cU5hj+BcUg==",
      "engines": {
        "node": ">=0.10.0"
      }
    },
    "node_modules/prop-types": {
      "version": "15.8.1",
      "resolved": "https://registry.npmjs.org/prop-types/-/prop-types-15.8.1.tgz",
      "integrity": "sha512-oj87CgZICdulUohogVAR7AjlC0327U4el4L6eAvOqCeudMDVU0NThNaV+b9Df4dXgSP1gXMTnPdhfe/2qDH5cg==",
      "dependencies": {
        "loose-envify": "^1.4.0",
        "object-assign": "^4.1.1",
        "react-is": "^16.13.1"
      }
    },
    "node_modules/prop-types/node_modules/react-is": {
      "version": "16.13.1",
      "resolved": "https://registry.npmjs.org/react-is/-/react-is-16.13.1.tgz",
      "integrity": "sha512-24e6ynE2H+OKt4kqsOvNd8kBpV65zoxbA4BVsEOB3ARVWQki/DHzaUoC5KuON/BiccDaCCTZBuOcfZs70kR8bQ=="
    },
    "node_modules/react": {
      "version": "18.2.0",
      "resolved": "https://registry.npmjs.org/react/-/react-18.2.0.tgz",
      "integrity": "sha512-/3IjMdb2L9QbBdWiW5e3P2/npwMBaU9mHCSCUzNln0ZCYbcfTsGbTJrU/kGemdH2IWmB2ioZ+zkxtmq6g09fGQ==",
      "peer": true,
      "dependencies": {
        "loose-envify": "^1.1.0"
      },
      "engines": {
        "node": ">=0.10.0"
      }
    },
    "node_modules/react-dom": {
      "version": "18.2.0",
      "resolved": "https://registry.npmjs.org/react-dom/-/react-dom-18.2.0.tgz",
      "integrity": "sha512-6IMTriUmvsjHUjNtEDudZfuDQUoWXVxKHhlEGSk81n4YFS+r/Kl99wXiwlVXtPBtJenozv2P+hxDsw9eA7Xo6g==",
      "peer": true,
      "dependencies": {
        "loose-envify": "^1.1.0",
        "scheduler": "^0.23.0"
      },
      "peerDependencies": {
        "react": "^18.2.0"
      }
    },
    "node_modules/react-is": {
      "version": "18.2.0",
      "resolved": "https://registry.npmjs.org/react-is/-/react-is-18.2.0.tgz",
      "integrity": "sha512-xWGDIW6x921xtzPkhiULtthJHoJvBbF3q26fzloPCK0hsvxtPVelvftw3zjbHWSkR2km9Z+4uxbDDK/6Zw9B8w=="
    },
    "node_modules/react-transition-group": {
      "version": "4.4.5",
      "resolved": "https://registry.npmjs.org/react-transition-group/-/react-transition-group-4.4.5.tgz",
      "integrity": "sha512-pZcd1MCJoiKiBR2NRxeCRg13uCXbydPnmB4EOeRrY7480qNWO8IIgQG6zlDkm6uRMsURXPuKq0GWtiM59a5Q6g==",
      "dependencies": {
        "@babel/runtime": "^7.5.5",
        "dom-helpers": "^5.0.1",
        "loose-envify": "^1.4.0",
        "prop-types": "^15.6.2"
      },
      "peerDependencies": {
        "react": ">=16.6.0",
        "react-dom": ">=16.6.0"
      }
    },
    "node_modules/regenerator-runtime": {
      "version": "0.13.11",
      "resolved": "https://registry.npmjs.org/regenerator-runtime/-/regenerator-runtime-0.13.11.tgz",
      "integrity": "sha512-kY1AZVr2Ra+t+piVaJ4gxaFaReZVH40AKNo7UCX6W+dEwBo/2oZJzqfuN1qLq1oL45o56cPaTXELwrTh8Fpggg=="
    },
    "node_modules/scheduler": {
      "version": "0.23.0",
      "resolved": "https://registry.npmjs.org/scheduler/-/scheduler-0.23.0.tgz",
      "integrity": "sha512-CtuThmgHNg7zIZWAXi3AsyIzA3n4xx7aNyjwC2VJldO2LMVDhFK+63xGqq6CsJH4rTAt6/M+N4GhZiDYPx9eUw==",
      "peer": true,
      "dependencies": {
        "loose-envify": "^1.1.0"
      }
    },
    "node_modules/stylis": {
      "version": "4.2.0",
      "resolved": "https://registry.npmjs.org/stylis/-/stylis-4.2.0.tgz",
      "integrity": "sha512-Orov6g6BB1sDfYgzWfTHDOxamtX1bE/zo104Dh9e6fqJ3PooipYyfJ0pUmrZO2wAvO8YbEyeFrkV91XTsGMSrw=="
    }
  }
}
